# This file is autogenerated, do not edit; changes may be undone by the next 'dep ensure'.


[[projects]]
  branch = "draft"
  digest = "1:e2a9dec7dd6401f531dc799328039fc496621071b0cef41861fdf30fb5c06aa5"
  name = "github.com/kun-lun/artifacts"
  packages = ["pkg/apis"]
  pruneopts = "UT"
  revision = "72265d37b2bb50f855259021e53b97875f58662e"

[[projects]]
  digest = "1:342378ac4dcb378a5448dd723f0784ae519383532f5e70ade24132c4c8693202"
  name = "gopkg.in/yaml.v2"
  packages = ["."]
  pruneopts = "UT"
  revision = "5420a8b6744d3b0345ab293f6fcba19c978f1183"
  version = "v2.2.1"

[solve-meta]
  analyzer-name = "dep"
  analyzer-version = 1
  input-imports = [
    "github.com/kun-lun/artifacts/pkg/apis",
    "gopkg.in/yaml.v2",
  ]
  solver-name = "gps-cdcl"
  solver-version = 1
